version: 1.0
shards:
  baked_file_system:
    github: schovi/baked_file_system
    version: 0.9.2

  db:
    github: crystal-lang/crystal-db
    version: 0.3.3

  faker:
    github: askn/faker
    version: 0.3.0

  kemal:
    github: kemalcr/kemal
    commit: e3aea753b56316fda283031ae63f6f1fec0bf067

  kemal-session:
    github: jasonl99/kemal-session
    commit: 0b8f0cc9884871e60b8704b2bbe827d6b86ce53c

  kilt:
    github: jeromegn/kilt
    version: 0.3.3

  lattice-core:
    path: /home/jason/crystal/lattice-core
    version: 0.12.0

  radix:
    github: luislavena/radix
    version: 0.3.7

  slang:
    github: jeromegn/slang
    commit: 17ee48438f9798ac0d47520c47c17bcd7e06cd93

  sqlite3:
    github: crystal-lang/crystal-sqlite3
    version: 0.8.1

