version: 1.0
shards:
  baked_file_system:
    github: schovi/baked_file_system
    version: 0.9.2

  db:
    github: crystal-lang/crystal-db
    version: 0.3.3

  faker:
    github: askn/faker
    version: 0.2.0

  kemal:
    github: kemalcr/kemal
    version: 0.18.0

  kemal-session:
    github: kemalcr/kemal-session
    commit: 9c6a473fa5680c82487edcdfc3258d6fc6f74b60

  kilt:
    github: jeromegn/kilt
    version: 0.3.3

  lattice-core:
    path: /home/jason/crystal/lattice-core
    commit: 

  multipart:
    github: RX14/multipart.cr
    version: 0.1.2

  radix:
    github: luislavena/radix
    version: 0.3.7

  slang:
    github: jeromegn/slang
    commit: 6f8c5b226758faf73575d02b67a8010f8e10a0ab

  sqlite3:
    github: crystal-lang/crystal-sqlite3
    version: 0.8.1

